
Microsoft Visual Studio Solution File, Format Version 12.00
# Visual Studio Version 16
VisualStudioVersion = 16.0.31205.134
MinimumVisualStudioVersion = 10.0.40219.1
Project("{2150E333-8FDC-42A3-9474-1A3956D46DE8}") = "ShopManagement", "ShopManagement", "{D43442E4-A7E7-44BC-B75B-CB60C8BFD378}"
EndProject
Project("{2150E333-8FDC-42A3-9474-1A3956D46DE8}") = "SMDomain", "SMDomain", "{E48B97F8-0EE8-4A3C-A03E-42C58F33114A}"
EndProject
Project("{FAE04EC0-301F-11D3-BF4B-00C04F79EFBC}") = "SM.Domain", "SM.Domain\SM.Domain.csproj", "{38C908EE-462D-438A-800A-E51D2476AD71}"
EndProject
Project("{2150E333-8FDC-42A3-9474-1A3956D46DE8}") = "SMApplicationContract", "SMApplicationContract", "{DA60DBC7-BEAC-492E-A68E-D92BC0335F84}"
EndProject
Project("{FAE04EC0-301F-11D3-BF4B-00C04F79EFBC}") = "SM.Application.Contracts", "SM.Application.Contracts\SM.Application.Contracts.csproj", "{AFFFCCAC-17DF-4445-B8B4-FE12AD9A1328}"
EndProject
Project("{2150E333-8FDC-42A3-9474-1A3956D46DE8}") = "SMApplication", "SMApplication", "{28DF43F8-4395-49F0-A443-E0AE23C075F5}"
EndProject
Project("{FAE04EC0-301F-11D3-BF4B-00C04F79EFBC}") = "SM.Application", "SM.Application\SM.Application.csproj", "{64806609-8A6E-4A09-9D09-525700B32A49}"
EndProject
Project("{2150E333-8FDC-42A3-9474-1A3956D46DE8}") = "SMInfrastracture", "SMInfrastracture", "{9BD1118A-2B15-4A50-94F0-F69726060A24}"
EndProject
Project("{FAE04EC0-301F-11D3-BF4B-00C04F79EFBC}") = "SM.Infrastructure.EfCore", "SM.Infrastructure.EfCore\SM.Infrastructure.EfCore.csproj", "{E4157347-30E3-4C1F-A2CC-6EAFA746B90F}"
EndProject
Project("{FAE04EC0-301F-11D3-BF4B-00C04F79EFBC}") = "SM.Configuration", "SM.Configuration\SM.Configuration.csproj", "{0BA1C283-DB4B-49E1-8BBC-214857E04172}"
EndProject
Project("{FAE04EC0-301F-11D3-BF4B-00C04F79EFBC}") = "ServiceHost", "ServiceHost\ServiceHost.csproj", "{0B9965E7-6AD0-438D-A3AD-103CFB8C93C8}"
EndProject
Global
	GlobalSection(SolutionConfigurationPlatforms) = preSolution
		Debug|Any CPU = Debug|Any CPU
		Release|Any CPU = Release|Any CPU
	EndGlobalSection
	GlobalSection(ProjectConfigurationPlatforms) = postSolution
		{38C908EE-462D-438A-800A-E51D2476AD71}.Debug|Any CPU.ActiveCfg = Debug|Any CPU
		{38C908EE-462D-438A-800A-E51D2476AD71}.Debug|Any CPU.Build.0 = Debug|Any CPU
		{38C908EE-462D-438A-800A-E51D2476AD71}.Release|Any CPU.ActiveCfg = Release|Any CPU
		{38C908EE-462D-438A-800A-E51D2476AD71}.Release|Any CPU.Build.0 = Release|Any CPU
		{AFFFCCAC-17DF-4445-B8B4-FE12AD9A1328}.Debug|Any CPU.ActiveCfg = Debug|Any CPU
		{AFFFCCAC-17DF-4445-B8B4-FE12AD9A1328}.Debug|Any CPU.Build.0 = Debug|Any CPU
		{AFFFCCAC-17DF-4445-B8B4-FE12AD9A1328}.Release|Any CPU.ActiveCfg = Release|Any CPU
		{AFFFCCAC-17DF-4445-B8B4-FE12AD9A1328}.Release|Any CPU.Build.0 = Release|Any CPU
		{64806609-8A6E-4A09-9D09-525700B32A49}.Debug|Any CPU.ActiveCfg = Debug|Any CPU
		{64806609-8A6E-4A09-9D09-525700B32A49}.Debug|Any CPU.Build.0 = Debug|Any CPU
		{64806609-8A6E-4A09-9D09-525700B32A49}.Release|Any CPU.ActiveCfg = Release|Any CPU
		{64806609-8A6E-4A09-9D09-525700B32A49}.Release|Any CPU.Build.0 = Release|Any CPU
		{E4157347-30E3-4C1F-A2CC-6EAFA746B90F}.Debug|Any CPU.ActiveCfg = Debug|Any CPU
		{E4157347-30E3-4C1F-A2CC-6EAFA746B90F}.Debug|Any CPU.Build.0 = Debug|Any CPU
		{E4157347-30E3-4C1F-A2CC-6EAFA746B90F}.Release|Any CPU.ActiveCfg = Release|Any CPU
		{E4157347-30E3-4C1F-A2CC-6EAFA746B90F}.Release|Any CPU.Build.0 = Release|Any CPU
		{0BA1C283-DB4B-49E1-8BBC-214857E04172}.Debug|Any CPU.ActiveCfg = Debug|Any CPU
		{0BA1C283-DB4B-49E1-8BBC-214857E04172}.Debug|Any CPU.Build.0 = Debug|Any CPU
		{0BA1C283-DB4B-49E1-8BBC-214857E04172}.Release|Any CPU.ActiveCfg = Release|Any CPU
		{0BA1C283-DB4B-49E1-8BBC-214857E04172}.Release|Any CPU.Build.0 = Release|Any CPU
		{0B9965E7-6AD0-438D-A3AD-103CFB8C93C8}.Debug|Any CPU.ActiveCfg = Debug|Any CPU
		{0B9965E7-6AD0-438D-A3AD-103CFB8C93C8}.Debug|Any CPU.Build.0 = Debug|Any CPU
		{0B9965E7-6AD0-438D-A3AD-103CFB8C93C8}.Release|Any CPU.ActiveCfg = Release|Any CPU
		{0B9965E7-6AD0-438D-A3AD-103CFB8C93C8}.Release|Any CPU.Build.0 = Release|Any CPU
	EndGlobalSection
	GlobalSection(SolutionProperties) = preSolution
		HideSolutionNode = FALSE
	EndGlobalSection
	GlobalSection(NestedProjects) = preSolution
		{E48B97F8-0EE8-4A3C-A03E-42C58F33114A} = {D43442E4-A7E7-44BC-B75B-CB60C8BFD378}
		{38C908EE-462D-438A-800A-E51D2476AD71} = {E48B97F8-0EE8-4A3C-A03E-42C58F33114A}
		{DA60DBC7-BEAC-492E-A68E-D92BC0335F84} = {D43442E4-A7E7-44BC-B75B-CB60C8BFD378}
		{AFFFCCAC-17DF-4445-B8B4-FE12AD9A1328} = {DA60DBC7-BEAC-492E-A68E-D92BC0335F84}
		{28DF43F8-4395-49F0-A443-E0AE23C075F5} = {D43442E4-A7E7-44BC-B75B-CB60C8BFD378}
		{64806609-8A6E-4A09-9D09-525700B32A49} = {28DF43F8-4395-49F0-A443-E0AE23C075F5}
		{9BD1118A-2B15-4A50-94F0-F69726060A24} = {D43442E4-A7E7-44BC-B75B-CB60C8BFD378}
		{E4157347-30E3-4C1F-A2CC-6EAFA746B90F} = {9BD1118A-2B15-4A50-94F0-F69726060A24}
		{0BA1C283-DB4B-49E1-8BBC-214857E04172} = {9BD1118A-2B15-4A50-94F0-F69726060A24}
	EndGlobalSection
	GlobalSection(ExtensibilityGlobals) = postSolution
		SolutionGuid = {4341F5DC-C8E2-495B-88FB-93A33D86C4FF}
	EndGlobalSection
EndGlobal
