
Microsoft Visual Studio Solution File, Format Version 12.00
# Visual Studio Version 16
VisualStudioVersion = 16.0.31205.134
MinimumVisualStudioVersion = 10.0.40219.1
Project("{2150E333-8FDC-42A3-9474-1A3956D46DE8}") = "ShopManagement", "ShopManagement", "{D43442E4-A7E7-44BC-B75B-CB60C8BFD378}"
EndProject
Project("{2150E333-8FDC-42A3-9474-1A3956D46DE8}") = "SMDomain", "SMDomain", "{E48B97F8-0EE8-4A3C-A03E-42C58F33114A}"
EndProject
Project("{9A19103F-16F7-4668-BE54-9A1E7A4F7556}") = "SM.Domain", "SM.Domain\SM.Domain.csproj", "{38C908EE-462D-438A-800A-E51D2476AD71}"
EndProject
Project("{2150E333-8FDC-42A3-9474-1A3956D46DE8}") = "SMApplicationContract", "SMApplicationContract", "{DA60DBC7-BEAC-492E-A68E-D92BC0335F84}"
EndProject
Project("{9A19103F-16F7-4668-BE54-9A1E7A4F7556}") = "SM.Application.Contracts", "SM.Application.Contracts\SM.Application.Contracts.csproj", "{AFFFCCAC-17DF-4445-B8B4-FE12AD9A1328}"
EndProject
Project("{2150E333-8FDC-42A3-9474-1A3956D46DE8}") = "SMApplication", "SMApplication", "{28DF43F8-4395-49F0-A443-E0AE23C075F5}"
EndProject
Project("{9A19103F-16F7-4668-BE54-9A1E7A4F7556}") = "SM.Application", "SM.Application\SM.Application.csproj", "{64806609-8A6E-4A09-9D09-525700B32A49}"
EndProject
Project("{2150E333-8FDC-42A3-9474-1A3956D46DE8}") = "SMInfrastracture", "SMInfrastracture", "{9BD1118A-2B15-4A50-94F0-F69726060A24}"
EndProject
Project("{9A19103F-16F7-4668-BE54-9A1E7A4F7556}") = "SM.Infrastructure.EfCore", "SM.Infrastructure.EfCore\SM.Infrastructure.EfCore.csproj", "{E4157347-30E3-4C1F-A2CC-6EAFA746B90F}"
EndProject
Project("{9A19103F-16F7-4668-BE54-9A1E7A4F7556}") = "ServiceHost", "ServiceHost\ServiceHost.csproj", "{0B9965E7-6AD0-438D-A3AD-103CFB8C93C8}"
EndProject
Project("{9A19103F-16F7-4668-BE54-9A1E7A4F7556}") = "Query", "Query\Query.csproj", "{C9BE5EC8-35FF-4D2B-AA6A-7EB9DDBE0E81}"
EndProject
Project("{2150E333-8FDC-42A3-9474-1A3956D46DE8}") = "DiscountManagement", "DiscountManagement", "{9FF55BA5-8402-4F87-AC26-373BE9BA4184}"
EndProject
Project("{2150E333-8FDC-42A3-9474-1A3956D46DE8}") = "DMDomain", "DMDomain", "{FD36371A-C286-4F7D-9612-6AD80023DCA4}"
EndProject
Project("{2150E333-8FDC-42A3-9474-1A3956D46DE8}") = "DMApplicationContract", "DMApplicationContract", "{9DA39015-4B1D-4274-B138-A2CDBA0E4C53}"
EndProject
Project("{2150E333-8FDC-42A3-9474-1A3956D46DE8}") = "DMInfrastracture", "DMInfrastracture", "{131EBD35-71A4-4E49-A0C6-466BEE651EDF}"
EndProject
Project("{2150E333-8FDC-42A3-9474-1A3956D46DE8}") = "DMApplication", "DMApplication", "{01F7DD31-F097-4194-A9C7-CEEC5ABD3C02}"
EndProject
Project("{9A19103F-16F7-4668-BE54-9A1E7A4F7556}") = "DM.Domain", "DM.Domain\DM.Domain.csproj", "{8CDE3B45-1470-48A2-A729-ADF4DAA367EA}"
EndProject
Project("{9A19103F-16F7-4668-BE54-9A1E7A4F7556}") = "DM.Application.Contract", "DM.Application.Contract\DM.Application.Contract.csproj", "{1A999C87-B5D5-4B21-A6A8-5703BA8076E0}"
EndProject
Project("{9A19103F-16F7-4668-BE54-9A1E7A4F7556}") = "DM.infrastructure.Efcore", "DM.infrastructure.Efcore\DM.infrastructure.Efcore.csproj", "{651B07E0-7877-4CC8-97C8-24C3071863D9}"
EndProject
Project("{9A19103F-16F7-4668-BE54-9A1E7A4F7556}") = "DM.Application", "DM.Application\DM.Application.csproj", "{EBF47DD6-9E0E-4A5B-9AAF-2A1323004DD2}"
EndProject
Project("{9A19103F-16F7-4668-BE54-9A1E7A4F7556}") = "SM.Configuration", "SM.Configuration\SM.Configuration.csproj", "{9FCACA85-F6CF-4547-A1C7-DF5D6F88D394}"
EndProject
Project("{9A19103F-16F7-4668-BE54-9A1E7A4F7556}") = "DM.Configuration", "DM.Configuration\DM.Configuration.csproj", "{79A9D450-7C67-454A-BFB7-8277829F1E07}"
EndProject
Project("{9A19103F-16F7-4668-BE54-9A1E7A4F7556}") = "Frameworks", "Frameworks\Frameworks.csproj", "{A750CB93-52D7-403B-83B5-AF6AAF678F9F}"
EndProject
Global
	GlobalSection(SolutionConfigurationPlatforms) = preSolution
		Debug|Any CPU = Debug|Any CPU
		Release|Any CPU = Release|Any CPU
	EndGlobalSection
	GlobalSection(ProjectConfigurationPlatforms) = postSolution
		{38C908EE-462D-438A-800A-E51D2476AD71}.Debug|Any CPU.ActiveCfg = Debug|Any CPU
		{38C908EE-462D-438A-800A-E51D2476AD71}.Debug|Any CPU.Build.0 = Debug|Any CPU
		{38C908EE-462D-438A-800A-E51D2476AD71}.Release|Any CPU.ActiveCfg = Release|Any CPU
		{38C908EE-462D-438A-800A-E51D2476AD71}.Release|Any CPU.Build.0 = Release|Any CPU
		{AFFFCCAC-17DF-4445-B8B4-FE12AD9A1328}.Debug|Any CPU.ActiveCfg = Debug|Any CPU
		{AFFFCCAC-17DF-4445-B8B4-FE12AD9A1328}.Debug|Any CPU.Build.0 = Debug|Any CPU
		{AFFFCCAC-17DF-4445-B8B4-FE12AD9A1328}.Release|Any CPU.ActiveCfg = Release|Any CPU
		{AFFFCCAC-17DF-4445-B8B4-FE12AD9A1328}.Release|Any CPU.Build.0 = Release|Any CPU
		{64806609-8A6E-4A09-9D09-525700B32A49}.Debug|Any CPU.ActiveCfg = Debug|Any CPU
		{64806609-8A6E-4A09-9D09-525700B32A49}.Debug|Any CPU.Build.0 = Debug|Any CPU
		{64806609-8A6E-4A09-9D09-525700B32A49}.Release|Any CPU.ActiveCfg = Release|Any CPU
		{64806609-8A6E-4A09-9D09-525700B32A49}.Release|Any CPU.Build.0 = Release|Any CPU
		{E4157347-30E3-4C1F-A2CC-6EAFA746B90F}.Debug|Any CPU.ActiveCfg = Debug|Any CPU
		{E4157347-30E3-4C1F-A2CC-6EAFA746B90F}.Debug|Any CPU.Build.0 = Debug|Any CPU
		{E4157347-30E3-4C1F-A2CC-6EAFA746B90F}.Release|Any CPU.ActiveCfg = Release|Any CPU
		{E4157347-30E3-4C1F-A2CC-6EAFA746B90F}.Release|Any CPU.Build.0 = Release|Any CPU
		{0B9965E7-6AD0-438D-A3AD-103CFB8C93C8}.Debug|Any CPU.ActiveCfg = Debug|Any CPU
		{0B9965E7-6AD0-438D-A3AD-103CFB8C93C8}.Debug|Any CPU.Build.0 = Debug|Any CPU
		{0B9965E7-6AD0-438D-A3AD-103CFB8C93C8}.Release|Any CPU.ActiveCfg = Release|Any CPU
		{0B9965E7-6AD0-438D-A3AD-103CFB8C93C8}.Release|Any CPU.Build.0 = Release|Any CPU
		{C9BE5EC8-35FF-4D2B-AA6A-7EB9DDBE0E81}.Debug|Any CPU.ActiveCfg = Debug|Any CPU
		{C9BE5EC8-35FF-4D2B-AA6A-7EB9DDBE0E81}.Debug|Any CPU.Build.0 = Debug|Any CPU
		{C9BE5EC8-35FF-4D2B-AA6A-7EB9DDBE0E81}.Release|Any CPU.ActiveCfg = Release|Any CPU
		{C9BE5EC8-35FF-4D2B-AA6A-7EB9DDBE0E81}.Release|Any CPU.Build.0 = Release|Any CPU
		{8CDE3B45-1470-48A2-A729-ADF4DAA367EA}.Debug|Any CPU.ActiveCfg = Debug|Any CPU
		{8CDE3B45-1470-48A2-A729-ADF4DAA367EA}.Debug|Any CPU.Build.0 = Debug|Any CPU
		{8CDE3B45-1470-48A2-A729-ADF4DAA367EA}.Release|Any CPU.ActiveCfg = Release|Any CPU
		{8CDE3B45-1470-48A2-A729-ADF4DAA367EA}.Release|Any CPU.Build.0 = Release|Any CPU
		{1A999C87-B5D5-4B21-A6A8-5703BA8076E0}.Debug|Any CPU.ActiveCfg = Debug|Any CPU
		{1A999C87-B5D5-4B21-A6A8-5703BA8076E0}.Debug|Any CPU.Build.0 = Debug|Any CPU
		{1A999C87-B5D5-4B21-A6A8-5703BA8076E0}.Release|Any CPU.ActiveCfg = Release|Any CPU
		{1A999C87-B5D5-4B21-A6A8-5703BA8076E0}.Release|Any CPU.Build.0 = Release|Any CPU
		{651B07E0-7877-4CC8-97C8-24C3071863D9}.Debug|Any CPU.ActiveCfg = Debug|Any CPU
		{651B07E0-7877-4CC8-97C8-24C3071863D9}.Debug|Any CPU.Build.0 = Debug|Any CPU
		{651B07E0-7877-4CC8-97C8-24C3071863D9}.Release|Any CPU.ActiveCfg = Release|Any CPU
		{651B07E0-7877-4CC8-97C8-24C3071863D9}.Release|Any CPU.Build.0 = Release|Any CPU
		{EBF47DD6-9E0E-4A5B-9AAF-2A1323004DD2}.Debug|Any CPU.ActiveCfg = Debug|Any CPU
		{EBF47DD6-9E0E-4A5B-9AAF-2A1323004DD2}.Debug|Any CPU.Build.0 = Debug|Any CPU
		{EBF47DD6-9E0E-4A5B-9AAF-2A1323004DD2}.Release|Any CPU.ActiveCfg = Release|Any CPU
		{EBF47DD6-9E0E-4A5B-9AAF-2A1323004DD2}.Release|Any CPU.Build.0 = Release|Any CPU
		{9FCACA85-F6CF-4547-A1C7-DF5D6F88D394}.Debug|Any CPU.ActiveCfg = Debug|Any CPU
		{9FCACA85-F6CF-4547-A1C7-DF5D6F88D394}.Debug|Any CPU.Build.0 = Debug|Any CPU
		{9FCACA85-F6CF-4547-A1C7-DF5D6F88D394}.Release|Any CPU.ActiveCfg = Release|Any CPU
		{9FCACA85-F6CF-4547-A1C7-DF5D6F88D394}.Release|Any CPU.Build.0 = Release|Any CPU
		{79A9D450-7C67-454A-BFB7-8277829F1E07}.Debug|Any CPU.ActiveCfg = Debug|Any CPU
		{79A9D450-7C67-454A-BFB7-8277829F1E07}.Debug|Any CPU.Build.0 = Debug|Any CPU
		{79A9D450-7C67-454A-BFB7-8277829F1E07}.Release|Any CPU.ActiveCfg = Release|Any CPU
		{79A9D450-7C67-454A-BFB7-8277829F1E07}.Release|Any CPU.Build.0 = Release|Any CPU
		{A750CB93-52D7-403B-83B5-AF6AAF678F9F}.Debug|Any CPU.ActiveCfg = Debug|Any CPU
		{A750CB93-52D7-403B-83B5-AF6AAF678F9F}.Debug|Any CPU.Build.0 = Debug|Any CPU
		{A750CB93-52D7-403B-83B5-AF6AAF678F9F}.Release|Any CPU.ActiveCfg = Release|Any CPU
		{A750CB93-52D7-403B-83B5-AF6AAF678F9F}.Release|Any CPU.Build.0 = Release|Any CPU
	EndGlobalSection
	GlobalSection(SolutionProperties) = preSolution
		HideSolutionNode = FALSE
	EndGlobalSection
	GlobalSection(NestedProjects) = preSolution
		{E48B97F8-0EE8-4A3C-A03E-42C58F33114A} = {D43442E4-A7E7-44BC-B75B-CB60C8BFD378}
		{38C908EE-462D-438A-800A-E51D2476AD71} = {E48B97F8-0EE8-4A3C-A03E-42C58F33114A}
		{DA60DBC7-BEAC-492E-A68E-D92BC0335F84} = {D43442E4-A7E7-44BC-B75B-CB60C8BFD378}
		{AFFFCCAC-17DF-4445-B8B4-FE12AD9A1328} = {DA60DBC7-BEAC-492E-A68E-D92BC0335F84}
		{28DF43F8-4395-49F0-A443-E0AE23C075F5} = {D43442E4-A7E7-44BC-B75B-CB60C8BFD378}
		{64806609-8A6E-4A09-9D09-525700B32A49} = {28DF43F8-4395-49F0-A443-E0AE23C075F5}
		{9BD1118A-2B15-4A50-94F0-F69726060A24} = {D43442E4-A7E7-44BC-B75B-CB60C8BFD378}
		{E4157347-30E3-4C1F-A2CC-6EAFA746B90F} = {9BD1118A-2B15-4A50-94F0-F69726060A24}
		{C9BE5EC8-35FF-4D2B-AA6A-7EB9DDBE0E81} = {D43442E4-A7E7-44BC-B75B-CB60C8BFD378}
		{FD36371A-C286-4F7D-9612-6AD80023DCA4} = {9FF55BA5-8402-4F87-AC26-373BE9BA4184}
		{9DA39015-4B1D-4274-B138-A2CDBA0E4C53} = {9FF55BA5-8402-4F87-AC26-373BE9BA4184}
		{131EBD35-71A4-4E49-A0C6-466BEE651EDF} = {9FF55BA5-8402-4F87-AC26-373BE9BA4184}
		{01F7DD31-F097-4194-A9C7-CEEC5ABD3C02} = {9FF55BA5-8402-4F87-AC26-373BE9BA4184}
		{8CDE3B45-1470-48A2-A729-ADF4DAA367EA} = {FD36371A-C286-4F7D-9612-6AD80023DCA4}
		{1A999C87-B5D5-4B21-A6A8-5703BA8076E0} = {9DA39015-4B1D-4274-B138-A2CDBA0E4C53}
		{651B07E0-7877-4CC8-97C8-24C3071863D9} = {131EBD35-71A4-4E49-A0C6-466BEE651EDF}
		{EBF47DD6-9E0E-4A5B-9AAF-2A1323004DD2} = {01F7DD31-F097-4194-A9C7-CEEC5ABD3C02}
		{9FCACA85-F6CF-4547-A1C7-DF5D6F88D394} = {9BD1118A-2B15-4A50-94F0-F69726060A24}
		{79A9D450-7C67-454A-BFB7-8277829F1E07} = {131EBD35-71A4-4E49-A0C6-466BEE651EDF}
	EndGlobalSection
	GlobalSection(ExtensibilityGlobals) = postSolution
		SolutionGuid = {4341F5DC-C8E2-495B-88FB-93A33D86C4FF}
	EndGlobalSection
EndGlobal
