
Microsoft Visual Studio Solution File, Format Version 12.00
# Visual Studio Version 16
VisualStudioVersion = 16.0.31205.134
MinimumVisualStudioVersion = 10.0.40219.1
Project("{2150E333-8FDC-42A3-9474-1A3956D46DE8}") = "ShopManagement", "ShopManagement", "{D43442E4-A7E7-44BC-B75B-CB60C8BFD378}"
EndProject
Project("{2150E333-8FDC-42A3-9474-1A3956D46DE8}") = "SMDomain", "SMDomain", "{E48B97F8-0EE8-4A3C-A03E-42C58F33114A}"
EndProject
Project("{9A19103F-16F7-4668-BE54-9A1E7A4F7556}") = "SM.Domain", "SM.Domain\SM.Domain.csproj", "{38C908EE-462D-438A-800A-E51D2476AD71}"
EndProject
Project("{2150E333-8FDC-42A3-9474-1A3956D46DE8}") = "SMApplicationContract", "SMApplicationContract", "{DA60DBC7-BEAC-492E-A68E-D92BC0335F84}"
EndProject
Project("{9A19103F-16F7-4668-BE54-9A1E7A4F7556}") = "SM.Application.Contracts", "SM.Application.Contracts\SM.Application.Contracts.csproj", "{AFFFCCAC-17DF-4445-B8B4-FE12AD9A1328}"
EndProject
Project("{2150E333-8FDC-42A3-9474-1A3956D46DE8}") = "SMApplication", "SMApplication", "{28DF43F8-4395-49F0-A443-E0AE23C075F5}"
EndProject
Project("{9A19103F-16F7-4668-BE54-9A1E7A4F7556}") = "SM.Application", "SM.Application\SM.Application.csproj", "{64806609-8A6E-4A09-9D09-525700B32A49}"
EndProject
Project("{2150E333-8FDC-42A3-9474-1A3956D46DE8}") = "SMInfrastracture", "SMInfrastracture", "{9BD1118A-2B15-4A50-94F0-F69726060A24}"
EndProject
Project("{9A19103F-16F7-4668-BE54-9A1E7A4F7556}") = "SM.Infrastructure.EfCore", "SM.Infrastructure.EfCore\SM.Infrastructure.EfCore.csproj", "{E4157347-30E3-4C1F-A2CC-6EAFA746B90F}"
EndProject
Project("{9A19103F-16F7-4668-BE54-9A1E7A4F7556}") = "ServiceHost", "ServiceHost\ServiceHost.csproj", "{0B9965E7-6AD0-438D-A3AD-103CFB8C93C8}"
EndProject
Project("{9A19103F-16F7-4668-BE54-9A1E7A4F7556}") = "Query", "Query\Query.csproj", "{C9BE5EC8-35FF-4D2B-AA6A-7EB9DDBE0E81}"
EndProject
Project("{2150E333-8FDC-42A3-9474-1A3956D46DE8}") = "DiscountManagement", "DiscountManagement", "{9FF55BA5-8402-4F87-AC26-373BE9BA4184}"
EndProject
Project("{2150E333-8FDC-42A3-9474-1A3956D46DE8}") = "DMDomain", "DMDomain", "{FD36371A-C286-4F7D-9612-6AD80023DCA4}"
EndProject
Project("{2150E333-8FDC-42A3-9474-1A3956D46DE8}") = "DMApplicationContract", "DMApplicationContract", "{9DA39015-4B1D-4274-B138-A2CDBA0E4C53}"
EndProject
Project("{2150E333-8FDC-42A3-9474-1A3956D46DE8}") = "DMInfrastracture", "DMInfrastracture", "{131EBD35-71A4-4E49-A0C6-466BEE651EDF}"
EndProject
Project("{2150E333-8FDC-42A3-9474-1A3956D46DE8}") = "DMApplication", "DMApplication", "{01F7DD31-F097-4194-A9C7-CEEC5ABD3C02}"
EndProject
Project("{9A19103F-16F7-4668-BE54-9A1E7A4F7556}") = "DM.Domain", "DM.Domain\DM.Domain.csproj", "{8CDE3B45-1470-48A2-A729-ADF4DAA367EA}"
EndProject
Project("{9A19103F-16F7-4668-BE54-9A1E7A4F7556}") = "DM.Application.Contract", "DM.Application.Contract\DM.Application.Contract.csproj", "{1A999C87-B5D5-4B21-A6A8-5703BA8076E0}"
EndProject
Project("{9A19103F-16F7-4668-BE54-9A1E7A4F7556}") = "DM.infrastructure.Efcore", "DM.infrastructure.Efcore\DM.infrastructure.Efcore.csproj", "{651B07E0-7877-4CC8-97C8-24C3071863D9}"
EndProject
Project("{9A19103F-16F7-4668-BE54-9A1E7A4F7556}") = "DM.Application", "DM.Application\DM.Application.csproj", "{EBF47DD6-9E0E-4A5B-9AAF-2A1323004DD2}"
EndProject
Project("{9A19103F-16F7-4668-BE54-9A1E7A4F7556}") = "SM.Configuration", "SM.Configuration\SM.Configuration.csproj", "{9FCACA85-F6CF-4547-A1C7-DF5D6F88D394}"
EndProject
Project("{9A19103F-16F7-4668-BE54-9A1E7A4F7556}") = "DM.Configuration", "DM.Configuration\DM.Configuration.csproj", "{79A9D450-7C67-454A-BFB7-8277829F1E07}"
EndProject
Project("{9A19103F-16F7-4668-BE54-9A1E7A4F7556}") = "Frameworks", "Frameworks\Frameworks.csproj", "{A750CB93-52D7-403B-83B5-AF6AAF678F9F}"
EndProject
Project("{2150E333-8FDC-42A3-9474-1A3956D46DE8}") = "InventoryManagement", "InventoryManagement", "{DEA8BDFB-AD43-4C08-9135-7F88BDBA3182}"
EndProject
Project("{2150E333-8FDC-42A3-9474-1A3956D46DE8}") = "IMDomain", "IMDomain", "{DE1C228A-4922-426F-A07F-D68DF031CA25}"
EndProject
Project("{9A19103F-16F7-4668-BE54-9A1E7A4F7556}") = "IM.Domain", "IM.Domain\IM.Domain.csproj", "{66CCEC93-465F-46AD-9A4C-D9F93BCA9E6D}"
EndProject
Project("{2150E333-8FDC-42A3-9474-1A3956D46DE8}") = "IMAplication", "IMAplication", "{9FFCE5C6-3708-484C-8AAB-D2B3FD10ADDE}"
EndProject
Project("{9A19103F-16F7-4668-BE54-9A1E7A4F7556}") = "IM.Application.Contract", "IM.Application.Contract\IM.Application.Contract.csproj", "{E2B6D4F0-3EB5-4BBE-9197-4B891F4AB696}"
EndProject
Project("{2150E333-8FDC-42A3-9474-1A3956D46DE8}") = "IMInfrastracture", "IMInfrastracture", "{E04A09F8-6F8A-484F-A702-A81558F18AE7}"
EndProject
Project("{9A19103F-16F7-4668-BE54-9A1E7A4F7556}") = "IM.Infrastracture.Efcore", "IM.Infrastracture.Efcore\IM.Infrastracture.Efcore.csproj", "{541177C9-3D2E-4CF5-B807-10DD8D569666}"
EndProject
Project("{9A19103F-16F7-4668-BE54-9A1E7A4F7556}") = "IM.Configuration", "IM.Configuration\IM.Configuration.csproj", "{2E54DDEF-7924-427B-879B-A55A8998CEC8}"
EndProject
Project("{9A19103F-16F7-4668-BE54-9A1E7A4F7556}") = "IM.Application", "IM.Application\IM.Application.csproj", "{6A936F34-7152-43C3-86DD-9B23D527525F}"
EndProject
Project("{2150E333-8FDC-42A3-9474-1A3956D46DE8}") = "AccountManagement", "AccountManagement", "{C4BA94B0-C1A7-4579-8A4A-6E9FAC46745E}"
EndProject
Project("{2150E333-8FDC-42A3-9474-1A3956D46DE8}") = "AMDomain", "AMDomain", "{2464E4DF-9487-489D-91BB-559AB23C214B}"
EndProject
Project("{2150E333-8FDC-42A3-9474-1A3956D46DE8}") = "AMApplication", "AMApplication", "{ABC43C02-EAF3-4355-A0FA-D0D49A6361E9}"
EndProject
Project("{2150E333-8FDC-42A3-9474-1A3956D46DE8}") = "AMInfrastracture", "AMInfrastracture", "{E6C388FA-411D-4026-BFD6-01DA198E6368}"
EndProject
Project("{9A19103F-16F7-4668-BE54-9A1E7A4F7556}") = "AM.Domain", "AM.Domain\AM.Domain.csproj", "{56F319EF-9A5F-4CCC-BBB2-CD4BDBF47359}"
EndProject
Project("{9A19103F-16F7-4668-BE54-9A1E7A4F7556}") = "AM.Application.Contract", "AM.Application.Contract\AM.Application.Contract.csproj", "{54297177-9D6E-4CB1-857F-E3DD483E1F8F}"
EndProject
Project("{9A19103F-16F7-4668-BE54-9A1E7A4F7556}") = "AM.Infrastracture.Efcore", "AM.Infrastracture.Efcore\AM.Infrastracture.Efcore.csproj", "{BD5698A0-12E7-49D7-8AAB-FF98E2B8BBCB}"
EndProject
Project("{9A19103F-16F7-4668-BE54-9A1E7A4F7556}") = "AM.Application", "AM.Application\AM.Application.csproj", "{D2631AA6-369A-45E2-BE83-40978351F4CB}"
EndProject
Project("{9A19103F-16F7-4668-BE54-9A1E7A4F7556}") = "AM.Configuration", "AM.Bootestrapper\AM.Configuration.csproj", "{C0E6A153-1E04-47FC-8072-F015FC0A3EB8}"
EndProject
Global
	GlobalSection(SolutionConfigurationPlatforms) = preSolution
		Debug|Any CPU = Debug|Any CPU
		Release|Any CPU = Release|Any CPU
	EndGlobalSection
	GlobalSection(ProjectConfigurationPlatforms) = postSolution
		{38C908EE-462D-438A-800A-E51D2476AD71}.Debug|Any CPU.ActiveCfg = Debug|Any CPU
		{38C908EE-462D-438A-800A-E51D2476AD71}.Debug|Any CPU.Build.0 = Debug|Any CPU
		{38C908EE-462D-438A-800A-E51D2476AD71}.Release|Any CPU.ActiveCfg = Release|Any CPU
		{38C908EE-462D-438A-800A-E51D2476AD71}.Release|Any CPU.Build.0 = Release|Any CPU
		{AFFFCCAC-17DF-4445-B8B4-FE12AD9A1328}.Debug|Any CPU.ActiveCfg = Debug|Any CPU
		{AFFFCCAC-17DF-4445-B8B4-FE12AD9A1328}.Debug|Any CPU.Build.0 = Debug|Any CPU
		{AFFFCCAC-17DF-4445-B8B4-FE12AD9A1328}.Release|Any CPU.ActiveCfg = Release|Any CPU
		{AFFFCCAC-17DF-4445-B8B4-FE12AD9A1328}.Release|Any CPU.Build.0 = Release|Any CPU
		{64806609-8A6E-4A09-9D09-525700B32A49}.Debug|Any CPU.ActiveCfg = Debug|Any CPU
		{64806609-8A6E-4A09-9D09-525700B32A49}.Debug|Any CPU.Build.0 = Debug|Any CPU
		{64806609-8A6E-4A09-9D09-525700B32A49}.Release|Any CPU.ActiveCfg = Release|Any CPU
		{64806609-8A6E-4A09-9D09-525700B32A49}.Release|Any CPU.Build.0 = Release|Any CPU
		{E4157347-30E3-4C1F-A2CC-6EAFA746B90F}.Debug|Any CPU.ActiveCfg = Debug|Any CPU
		{E4157347-30E3-4C1F-A2CC-6EAFA746B90F}.Debug|Any CPU.Build.0 = Debug|Any CPU
		{E4157347-30E3-4C1F-A2CC-6EAFA746B90F}.Release|Any CPU.ActiveCfg = Release|Any CPU
		{E4157347-30E3-4C1F-A2CC-6EAFA746B90F}.Release|Any CPU.Build.0 = Release|Any CPU
		{0B9965E7-6AD0-438D-A3AD-103CFB8C93C8}.Debug|Any CPU.ActiveCfg = Debug|Any CPU
		{0B9965E7-6AD0-438D-A3AD-103CFB8C93C8}.Debug|Any CPU.Build.0 = Debug|Any CPU
		{0B9965E7-6AD0-438D-A3AD-103CFB8C93C8}.Release|Any CPU.ActiveCfg = Release|Any CPU
		{0B9965E7-6AD0-438D-A3AD-103CFB8C93C8}.Release|Any CPU.Build.0 = Release|Any CPU
		{C9BE5EC8-35FF-4D2B-AA6A-7EB9DDBE0E81}.Debug|Any CPU.ActiveCfg = Debug|Any CPU
		{C9BE5EC8-35FF-4D2B-AA6A-7EB9DDBE0E81}.Debug|Any CPU.Build.0 = Debug|Any CPU
		{C9BE5EC8-35FF-4D2B-AA6A-7EB9DDBE0E81}.Release|Any CPU.ActiveCfg = Release|Any CPU
		{C9BE5EC8-35FF-4D2B-AA6A-7EB9DDBE0E81}.Release|Any CPU.Build.0 = Release|Any CPU
		{8CDE3B45-1470-48A2-A729-ADF4DAA367EA}.Debug|Any CPU.ActiveCfg = Debug|Any CPU
		{8CDE3B45-1470-48A2-A729-ADF4DAA367EA}.Debug|Any CPU.Build.0 = Debug|Any CPU
		{8CDE3B45-1470-48A2-A729-ADF4DAA367EA}.Release|Any CPU.ActiveCfg = Release|Any CPU
		{8CDE3B45-1470-48A2-A729-ADF4DAA367EA}.Release|Any CPU.Build.0 = Release|Any CPU
		{1A999C87-B5D5-4B21-A6A8-5703BA8076E0}.Debug|Any CPU.ActiveCfg = Debug|Any CPU
		{1A999C87-B5D5-4B21-A6A8-5703BA8076E0}.Debug|Any CPU.Build.0 = Debug|Any CPU
		{1A999C87-B5D5-4B21-A6A8-5703BA8076E0}.Release|Any CPU.ActiveCfg = Release|Any CPU
		{1A999C87-B5D5-4B21-A6A8-5703BA8076E0}.Release|Any CPU.Build.0 = Release|Any CPU
		{651B07E0-7877-4CC8-97C8-24C3071863D9}.Debug|Any CPU.ActiveCfg = Debug|Any CPU
		{651B07E0-7877-4CC8-97C8-24C3071863D9}.Debug|Any CPU.Build.0 = Debug|Any CPU
		{651B07E0-7877-4CC8-97C8-24C3071863D9}.Release|Any CPU.ActiveCfg = Release|Any CPU
		{651B07E0-7877-4CC8-97C8-24C3071863D9}.Release|Any CPU.Build.0 = Release|Any CPU
		{EBF47DD6-9E0E-4A5B-9AAF-2A1323004DD2}.Debug|Any CPU.ActiveCfg = Debug|Any CPU
		{EBF47DD6-9E0E-4A5B-9AAF-2A1323004DD2}.Debug|Any CPU.Build.0 = Debug|Any CPU
		{EBF47DD6-9E0E-4A5B-9AAF-2A1323004DD2}.Release|Any CPU.ActiveCfg = Release|Any CPU
		{EBF47DD6-9E0E-4A5B-9AAF-2A1323004DD2}.Release|Any CPU.Build.0 = Release|Any CPU
		{9FCACA85-F6CF-4547-A1C7-DF5D6F88D394}.Debug|Any CPU.ActiveCfg = Debug|Any CPU
		{9FCACA85-F6CF-4547-A1C7-DF5D6F88D394}.Debug|Any CPU.Build.0 = Debug|Any CPU
		{9FCACA85-F6CF-4547-A1C7-DF5D6F88D394}.Release|Any CPU.ActiveCfg = Release|Any CPU
		{9FCACA85-F6CF-4547-A1C7-DF5D6F88D394}.Release|Any CPU.Build.0 = Release|Any CPU
		{79A9D450-7C67-454A-BFB7-8277829F1E07}.Debug|Any CPU.ActiveCfg = Debug|Any CPU
		{79A9D450-7C67-454A-BFB7-8277829F1E07}.Debug|Any CPU.Build.0 = Debug|Any CPU
		{79A9D450-7C67-454A-BFB7-8277829F1E07}.Release|Any CPU.ActiveCfg = Release|Any CPU
		{79A9D450-7C67-454A-BFB7-8277829F1E07}.Release|Any CPU.Build.0 = Release|Any CPU
		{A750CB93-52D7-403B-83B5-AF6AAF678F9F}.Debug|Any CPU.ActiveCfg = Debug|Any CPU
		{A750CB93-52D7-403B-83B5-AF6AAF678F9F}.Debug|Any CPU.Build.0 = Debug|Any CPU
		{A750CB93-52D7-403B-83B5-AF6AAF678F9F}.Release|Any CPU.ActiveCfg = Release|Any CPU
		{A750CB93-52D7-403B-83B5-AF6AAF678F9F}.Release|Any CPU.Build.0 = Release|Any CPU
		{66CCEC93-465F-46AD-9A4C-D9F93BCA9E6D}.Debug|Any CPU.ActiveCfg = Debug|Any CPU
		{66CCEC93-465F-46AD-9A4C-D9F93BCA9E6D}.Debug|Any CPU.Build.0 = Debug|Any CPU
		{66CCEC93-465F-46AD-9A4C-D9F93BCA9E6D}.Release|Any CPU.ActiveCfg = Release|Any CPU
		{66CCEC93-465F-46AD-9A4C-D9F93BCA9E6D}.Release|Any CPU.Build.0 = Release|Any CPU
		{E2B6D4F0-3EB5-4BBE-9197-4B891F4AB696}.Debug|Any CPU.ActiveCfg = Debug|Any CPU
		{E2B6D4F0-3EB5-4BBE-9197-4B891F4AB696}.Debug|Any CPU.Build.0 = Debug|Any CPU
		{E2B6D4F0-3EB5-4BBE-9197-4B891F4AB696}.Release|Any CPU.ActiveCfg = Release|Any CPU
		{E2B6D4F0-3EB5-4BBE-9197-4B891F4AB696}.Release|Any CPU.Build.0 = Release|Any CPU
		{541177C9-3D2E-4CF5-B807-10DD8D569666}.Debug|Any CPU.ActiveCfg = Debug|Any CPU
		{541177C9-3D2E-4CF5-B807-10DD8D569666}.Debug|Any CPU.Build.0 = Debug|Any CPU
		{541177C9-3D2E-4CF5-B807-10DD8D569666}.Release|Any CPU.ActiveCfg = Release|Any CPU
		{541177C9-3D2E-4CF5-B807-10DD8D569666}.Release|Any CPU.Build.0 = Release|Any CPU
		{2E54DDEF-7924-427B-879B-A55A8998CEC8}.Debug|Any CPU.ActiveCfg = Debug|Any CPU
		{2E54DDEF-7924-427B-879B-A55A8998CEC8}.Debug|Any CPU.Build.0 = Debug|Any CPU
		{2E54DDEF-7924-427B-879B-A55A8998CEC8}.Release|Any CPU.ActiveCfg = Release|Any CPU
		{2E54DDEF-7924-427B-879B-A55A8998CEC8}.Release|Any CPU.Build.0 = Release|Any CPU
		{6A936F34-7152-43C3-86DD-9B23D527525F}.Debug|Any CPU.ActiveCfg = Debug|Any CPU
		{6A936F34-7152-43C3-86DD-9B23D527525F}.Debug|Any CPU.Build.0 = Debug|Any CPU
		{6A936F34-7152-43C3-86DD-9B23D527525F}.Release|Any CPU.ActiveCfg = Release|Any CPU
		{6A936F34-7152-43C3-86DD-9B23D527525F}.Release|Any CPU.Build.0 = Release|Any CPU
		{56F319EF-9A5F-4CCC-BBB2-CD4BDBF47359}.Debug|Any CPU.ActiveCfg = Debug|Any CPU
		{56F319EF-9A5F-4CCC-BBB2-CD4BDBF47359}.Debug|Any CPU.Build.0 = Debug|Any CPU
		{56F319EF-9A5F-4CCC-BBB2-CD4BDBF47359}.Release|Any CPU.ActiveCfg = Release|Any CPU
		{56F319EF-9A5F-4CCC-BBB2-CD4BDBF47359}.Release|Any CPU.Build.0 = Release|Any CPU
		{54297177-9D6E-4CB1-857F-E3DD483E1F8F}.Debug|Any CPU.ActiveCfg = Debug|Any CPU
		{54297177-9D6E-4CB1-857F-E3DD483E1F8F}.Debug|Any CPU.Build.0 = Debug|Any CPU
		{54297177-9D6E-4CB1-857F-E3DD483E1F8F}.Release|Any CPU.ActiveCfg = Release|Any CPU
		{54297177-9D6E-4CB1-857F-E3DD483E1F8F}.Release|Any CPU.Build.0 = Release|Any CPU
		{BD5698A0-12E7-49D7-8AAB-FF98E2B8BBCB}.Debug|Any CPU.ActiveCfg = Debug|Any CPU
		{BD5698A0-12E7-49D7-8AAB-FF98E2B8BBCB}.Debug|Any CPU.Build.0 = Debug|Any CPU
		{BD5698A0-12E7-49D7-8AAB-FF98E2B8BBCB}.Release|Any CPU.ActiveCfg = Release|Any CPU
		{BD5698A0-12E7-49D7-8AAB-FF98E2B8BBCB}.Release|Any CPU.Build.0 = Release|Any CPU
		{D2631AA6-369A-45E2-BE83-40978351F4CB}.Debug|Any CPU.ActiveCfg = Debug|Any CPU
		{D2631AA6-369A-45E2-BE83-40978351F4CB}.Debug|Any CPU.Build.0 = Debug|Any CPU
		{D2631AA6-369A-45E2-BE83-40978351F4CB}.Release|Any CPU.ActiveCfg = Release|Any CPU
		{D2631AA6-369A-45E2-BE83-40978351F4CB}.Release|Any CPU.Build.0 = Release|Any CPU
		{C0E6A153-1E04-47FC-8072-F015FC0A3EB8}.Debug|Any CPU.ActiveCfg = Debug|Any CPU
		{C0E6A153-1E04-47FC-8072-F015FC0A3EB8}.Debug|Any CPU.Build.0 = Debug|Any CPU
		{C0E6A153-1E04-47FC-8072-F015FC0A3EB8}.Release|Any CPU.ActiveCfg = Release|Any CPU
		{C0E6A153-1E04-47FC-8072-F015FC0A3EB8}.Release|Any CPU.Build.0 = Release|Any CPU
	EndGlobalSection
	GlobalSection(SolutionProperties) = preSolution
		HideSolutionNode = FALSE
	EndGlobalSection
	GlobalSection(NestedProjects) = preSolution
		{E48B97F8-0EE8-4A3C-A03E-42C58F33114A} = {D43442E4-A7E7-44BC-B75B-CB60C8BFD378}
		{38C908EE-462D-438A-800A-E51D2476AD71} = {E48B97F8-0EE8-4A3C-A03E-42C58F33114A}
		{DA60DBC7-BEAC-492E-A68E-D92BC0335F84} = {D43442E4-A7E7-44BC-B75B-CB60C8BFD378}
		{AFFFCCAC-17DF-4445-B8B4-FE12AD9A1328} = {DA60DBC7-BEAC-492E-A68E-D92BC0335F84}
		{28DF43F8-4395-49F0-A443-E0AE23C075F5} = {D43442E4-A7E7-44BC-B75B-CB60C8BFD378}
		{64806609-8A6E-4A09-9D09-525700B32A49} = {28DF43F8-4395-49F0-A443-E0AE23C075F5}
		{9BD1118A-2B15-4A50-94F0-F69726060A24} = {D43442E4-A7E7-44BC-B75B-CB60C8BFD378}
		{E4157347-30E3-4C1F-A2CC-6EAFA746B90F} = {9BD1118A-2B15-4A50-94F0-F69726060A24}
		{FD36371A-C286-4F7D-9612-6AD80023DCA4} = {9FF55BA5-8402-4F87-AC26-373BE9BA4184}
		{9DA39015-4B1D-4274-B138-A2CDBA0E4C53} = {9FF55BA5-8402-4F87-AC26-373BE9BA4184}
		{131EBD35-71A4-4E49-A0C6-466BEE651EDF} = {9FF55BA5-8402-4F87-AC26-373BE9BA4184}
		{01F7DD31-F097-4194-A9C7-CEEC5ABD3C02} = {9FF55BA5-8402-4F87-AC26-373BE9BA4184}
		{8CDE3B45-1470-48A2-A729-ADF4DAA367EA} = {FD36371A-C286-4F7D-9612-6AD80023DCA4}
		{1A999C87-B5D5-4B21-A6A8-5703BA8076E0} = {9DA39015-4B1D-4274-B138-A2CDBA0E4C53}
		{651B07E0-7877-4CC8-97C8-24C3071863D9} = {131EBD35-71A4-4E49-A0C6-466BEE651EDF}
		{EBF47DD6-9E0E-4A5B-9AAF-2A1323004DD2} = {01F7DD31-F097-4194-A9C7-CEEC5ABD3C02}
		{9FCACA85-F6CF-4547-A1C7-DF5D6F88D394} = {9BD1118A-2B15-4A50-94F0-F69726060A24}
		{79A9D450-7C67-454A-BFB7-8277829F1E07} = {131EBD35-71A4-4E49-A0C6-466BEE651EDF}
		{DE1C228A-4922-426F-A07F-D68DF031CA25} = {DEA8BDFB-AD43-4C08-9135-7F88BDBA3182}
		{66CCEC93-465F-46AD-9A4C-D9F93BCA9E6D} = {DE1C228A-4922-426F-A07F-D68DF031CA25}
		{9FFCE5C6-3708-484C-8AAB-D2B3FD10ADDE} = {DEA8BDFB-AD43-4C08-9135-7F88BDBA3182}
		{E2B6D4F0-3EB5-4BBE-9197-4B891F4AB696} = {9FFCE5C6-3708-484C-8AAB-D2B3FD10ADDE}
		{E04A09F8-6F8A-484F-A702-A81558F18AE7} = {DEA8BDFB-AD43-4C08-9135-7F88BDBA3182}
		{541177C9-3D2E-4CF5-B807-10DD8D569666} = {E04A09F8-6F8A-484F-A702-A81558F18AE7}
		{2E54DDEF-7924-427B-879B-A55A8998CEC8} = {E04A09F8-6F8A-484F-A702-A81558F18AE7}
		{6A936F34-7152-43C3-86DD-9B23D527525F} = {9FFCE5C6-3708-484C-8AAB-D2B3FD10ADDE}
		{2464E4DF-9487-489D-91BB-559AB23C214B} = {C4BA94B0-C1A7-4579-8A4A-6E9FAC46745E}
		{ABC43C02-EAF3-4355-A0FA-D0D49A6361E9} = {C4BA94B0-C1A7-4579-8A4A-6E9FAC46745E}
		{E6C388FA-411D-4026-BFD6-01DA198E6368} = {C4BA94B0-C1A7-4579-8A4A-6E9FAC46745E}
		{56F319EF-9A5F-4CCC-BBB2-CD4BDBF47359} = {2464E4DF-9487-489D-91BB-559AB23C214B}
		{54297177-9D6E-4CB1-857F-E3DD483E1F8F} = {ABC43C02-EAF3-4355-A0FA-D0D49A6361E9}
		{BD5698A0-12E7-49D7-8AAB-FF98E2B8BBCB} = {E6C388FA-411D-4026-BFD6-01DA198E6368}
		{D2631AA6-369A-45E2-BE83-40978351F4CB} = {ABC43C02-EAF3-4355-A0FA-D0D49A6361E9}
		{C0E6A153-1E04-47FC-8072-F015FC0A3EB8} = {E6C388FA-411D-4026-BFD6-01DA198E6368}
	EndGlobalSection
	GlobalSection(ExtensibilityGlobals) = postSolution
		SolutionGuid = {4341F5DC-C8E2-495B-88FB-93A33D86C4FF}
	EndGlobalSection
EndGlobal
